// !$*UTF8*$!
{
	archiveVersion = 1;
	classes = {
	};
	objectVersion = 77;
	objects = {

/* Begin PBXBuildFile section */
		0A12E4F403BD246F220C4264 /* MenuBarMenu.swift in Sources */ = {isa = PBXBuildFile; fileRef = 946B407B09AB651028BE8532 /* MenuBarMenu.swift */; };
		0C7DBA21341B8F05A564F105 /* BridgeStatusViewModel.swift in Sources */ = {isa = PBXBuildFile; fileRef = AA4928BE8700ED5B670F95DD /* BridgeStatusViewModel.swift */; };
		15F933573A3E4961C070D650 /* ManagementAPIClient.swift in Sources */ = {isa = PBXBuildFile; fileRef = C83985F4EAE685984EAC8BEF /* ManagementAPIClient.swift */; };
		301C96BBDF4F2776A94437E4 /* ProductCopyTests.swift in Sources */ = {isa = PBXBuildFile; fileRef = AAAC7E7F74D228964FD16D7A /* ProductCopyTests.swift */; };
		3022FA285C66F38A6E981764 /* RuntimeManager.swift in Sources */ = {isa = PBXBuildFile; fileRef = 5678C485003005A7F894A51E /* RuntimeManager.swift */; };
		40200DF5C957248506B0BEC7 /* Localization.swift in Sources */ = {isa = PBXBuildFile; fileRef = 27FA31A001783BB50962FF77 /* Localization.swift */; };
		6EF4888046525F7C53CD2DC9 /* SettingsViewModel.swift in Sources */ = {isa = PBXBuildFile; fileRef = C7E575FA8541F3CB5A63AB43 /* SettingsViewModel.swift */; };
		724B12FBAFDB8CB71A02C02E /* BackendManagementView.swift in Sources */ = {isa = PBXBuildFile; fileRef = A2E6C81E65B31D10AA54B80F /* BackendManagementView.swift */; };
		8529A02426FE8772FA3F76A1 /* SettingsView.swift in Sources */ = {isa = PBXBuildFile; fileRef = DEA9A068CCE77E38B51D62D5 /* SettingsView.swift */; };
		AEDA3A746246A8A7F81EE4CE /* ContentView.swift in Sources */ = {isa = PBXBuildFile; fileRef = 1D313EF89273AC7DC3442DDC /* ContentView.swift */; };
		B4D54A82CD05061D680C44FA /* AppDependencies.swift in Sources */ = {isa = PBXBuildFile; fileRef = 0A065119113D12D84A5F494F /* AppDependencies.swift */; };
		C09D331473CBA7AB81D48F08 /* Assets.xcassets in Resources */ = {isa = PBXBuildFile; fileRef = 9E62B03736C86F5BDD7AEAA7 /* Assets.xcassets */; };
		C2B218A44FDD6412F88A7087 /* PairingViewModel.swift in Sources */ = {isa = PBXBuildFile; fileRef = 0795DB2DFC2DB1916E081713 /* PairingViewModel.swift */; };
		C6C7E770E3FAB72864AB0657 /* BridgeStatusView.swift in Sources */ = {isa = PBXBuildFile; fileRef = B222937C74557658FD147BAD /* BridgeStatusView.swift */; };
		DC28B07768A6C64940AF9DB3 /* MacBridgeApp.swift in Sources */ = {isa = PBXBuildFile; fileRef = BFCDBB3B2B094FC9654D1337 /* MacBridgeApp.swift */; };
		F1A9020C24AC4A99016FA108 /* BackendStatusViewModel.swift in Sources */ = {isa = PBXBuildFile; fileRef = 66EF78CACAB2C5381434BE3D /* BackendStatusViewModel.swift */; };
		F2585C19505AD7D8DD95C3D8 /* RemoteAccessView.swift in Sources */ = {isa = PBXBuildFile; fileRef = 06E1888BC621FBE93661DA54 /* RemoteAccessView.swift */; };
		FFA8A486B5C917E101A905CE /* PairingView.swift in Sources */ = {isa = PBXBuildFile; fileRef = DD9AA7383EB413ECF67501AC /* PairingView.swift */; };
/* End PBXBuildFile section */

/* Begin PBXContainerItemProxy section */
		C36F79024F0B5B09105420C2 /* PBXContainerItemProxy */ = {
			isa = PBXContainerItemProxy;
			containerPortal = 6D571C923B6DD79AC22DA267 /* Project object */;
			proxyType = 1;
			remoteGlobalIDString = 0A3E8C44BF1F84DE157BEBC1;
			remoteInfo = CCCodeBridge;
		};
/* End PBXContainerItemProxy section */

/* Begin PBXFileReference section */
		06E1888BC621FBE93661DA54 /* RemoteAccessView.swift */ = {isa = PBXFileReference; lastKnownFileType = sourcecode.swift; path = RemoteAccessView.swift; sourceTree = "<group>"; };
		0795DB2DFC2DB1916E081713 /* PairingViewModel.swift */ = {isa = PBXFileReference; lastKnownFileType = sourcecode.swift; path = PairingViewModel.swift; sourceTree = "<group>"; };
		0A065119113D12D84A5F494F /* AppDependencies.swift */ = {isa = PBXFileReference; lastKnownFileType = sourcecode.swift; path = AppDependencies.swift; sourceTree = "<group>"; };
		1D313EF89273AC7DC3442DDC /* ContentView.swift */ = {isa = PBXFileReference; lastKnownFileType = sourcecode.swift; path = ContentView.swift; sourceTree = "<group>"; };
		27FA31A001783BB50962FF77 /* Localization.swift */ = {isa = PBXFileReference; lastKnownFileType = sourcecode.swift; path = Localization.swift; sourceTree = "<group>"; };
		31EC5BF8094A4D9370C713F7 /* CCCodeBridgeTests.xctest */ = {isa = PBXFileReference; explicitFileType = wrapper.cfbundle; includeInIndex = 0; path = CCCodeBridgeTests.xctest; sourceTree = BUILT_PRODUCTS_DIR; };
		5678C485003005A7F894A51E /* RuntimeManager.swift */ = {isa = PBXFileReference; lastKnownFileType = sourcecode.swift; path = RuntimeManager.swift; sourceTree = "<group>"; };
		66EF78CACAB2C5381434BE3D /* BackendStatusViewModel.swift */ = {isa = PBXFileReference; lastKnownFileType = sourcecode.swift; path = BackendStatusViewModel.swift; sourceTree = "<group>"; };
		946B407B09AB651028BE8532 /* MenuBarMenu.swift */ = {isa = PBXFileReference; lastKnownFileType = sourcecode.swift; path = MenuBarMenu.swift; sourceTree = "<group>"; };
		9E62B03736C86F5BDD7AEAA7 /* Assets.xcassets */ = {isa = PBXFileReference; lastKnownFileType = folder.assetcatalog; path = Assets.xcassets; sourceTree = "<group>"; };
		A2E6C81E65B31D10AA54B80F /* BackendManagementView.swift */ = {isa = PBXFileReference; lastKnownFileType = sourcecode.swift; path = BackendManagementView.swift; sourceTree = "<group>"; };
		AA4928BE8700ED5B670F95DD /* BridgeStatusViewModel.swift */ = {isa = PBXFileReference; lastKnownFileType = sourcecode.swift; path = BridgeStatusViewModel.swift; sourceTree = "<group>"; };
		AAAC7E7F74D228964FD16D7A /* ProductCopyTests.swift */ = {isa = PBXFileReference; lastKnownFileType = sourcecode.swift; path = ProductCopyTests.swift; sourceTree = "<group>"; };
		B222937C74557658FD147BAD /* BridgeStatusView.swift */ = {isa = PBXFileReference; lastKnownFileType = sourcecode.swift; path = BridgeStatusView.swift; sourceTree = "<group>"; };
		BFCDBB3B2B094FC9654D1337 /* MacBridgeApp.swift */ = {isa = PBXFileReference; lastKnownFileType = sourcecode.swift; path = MacBridgeApp.swift; sourceTree = "<group>"; };
		C7E575FA8541F3CB5A63AB43 /* SettingsViewModel.swift */ = {isa = PBXFileReference; lastKnownFileType = sourcecode.swift; path = SettingsViewModel.swift; sourceTree = "<group>"; };
		C83985F4EAE685984EAC8BEF /* ManagementAPIClient.swift */ = {isa = PBXFileReference; lastKnownFileType = sourcecode.swift; path = ManagementAPIClient.swift; sourceTree = "<group>"; };
		DD9AA7383EB413ECF67501AC /* PairingView.swift */ = {isa = PBXFileReference; lastKnownFileType = sourcecode.swift; path = PairingView.swift; sourceTree = "<group>"; };
		DEA9A068CCE77E38B51D62D5 /* SettingsView.swift */ = {isa = PBXFileReference; lastKnownFileType = sourcecode.swift; path = SettingsView.swift; sourceTree = "<group>"; };
		ECF7B7DC070D5D2B67F045F8 /* CCCodeBridge.app */ = {isa = PBXFileReference; includeInIndex = 0; lastKnownFileType = wrapper.application; path = CCCodeBridge.app; sourceTree = BUILT_PRODUCTS_DIR; };
/* End PBXFileReference section */

/* Begin PBXGroup section */
		271C9A31D51AF8F2CDE22170 /* Views */ = {
			isa = PBXGroup;
			children = (
				A2E6C81E65B31D10AA54B80F /* BackendManagementView.swift */,
				B222937C74557658FD147BAD /* BridgeStatusView.swift */,
				1D313EF89273AC7DC3442DDC /* ContentView.swift */,
				946B407B09AB651028BE8532 /* MenuBarMenu.swift */,
				DD9AA7383EB413ECF67501AC /* PairingView.swift */,
				06E1888BC621FBE93661DA54 /* RemoteAccessView.swift */,
				DEA9A068CCE77E38B51D62D5 /* SettingsView.swift */,
			);
			path = Views;
			sourceTree = "<group>";
		};
		2BAB06136A3757D2B3777CE8 /* App */ = {
			isa = PBXGroup;
			children = (
				0A065119113D12D84A5F494F /* AppDependencies.swift */,
				BFCDBB3B2B094FC9654D1337 /* MacBridgeApp.swift */,
			);
			path = App;
			sourceTree = "<group>";
		};
		4D5CA7C61724B8FEB9EA771F /* Resources */ = {
			isa = PBXGroup;
			children = (
				9E62B03736C86F5BDD7AEAA7 /* Assets.xcassets */,
			);
			path = Resources;
			sourceTree = "<group>";
		};
		5892B609B6A131379CA207D6 /* MacBridge */ = {
			isa = PBXGroup;
			children = (
				2BAB06136A3757D2B3777CE8 /* App */,
				4D5CA7C61724B8FEB9EA771F /* Resources */,
				A5390275A8400AF326F08567 /* Services */,
				8FB94CFECC31475ADF172C10 /* ViewModels */,
				271C9A31D51AF8F2CDE22170 /* Views */,
			);
			path = MacBridge;
			sourceTree = "<group>";
		};
		65F218FA13E282CBA9921B18 /* Products */ = {
			isa = PBXGroup;
			children = (
				ECF7B7DC070D5D2B67F045F8 /* CCCodeBridge.app */,
				31EC5BF8094A4D9370C713F7 /* CCCodeBridgeTests.xctest */,
			);
			name = Products;
			sourceTree = "<group>";
		};
		78BB177376154CF5BCABBB03 /* MacBridgeTests */ = {
			isa = PBXGroup;
			children = (
				AAAC7E7F74D228964FD16D7A /* ProductCopyTests.swift */,
			);
			path = MacBridgeTests;
			sourceTree = "<group>";
		};
		7EF0BEBA64562516E37A525A = {
			isa = PBXGroup;
			children = (
				5892B609B6A131379CA207D6 /* MacBridge */,
				78BB177376154CF5BCABBB03 /* MacBridgeTests */,
				65F218FA13E282CBA9921B18 /* Products */,
			);
			sourceTree = "<group>";
		};
		8FB94CFECC31475ADF172C10 /* ViewModels */ = {
			isa = PBXGroup;
			children = (
				66EF78CACAB2C5381434BE3D /* BackendStatusViewModel.swift */,
				AA4928BE8700ED5B670F95DD /* BridgeStatusViewModel.swift */,
				0795DB2DFC2DB1916E081713 /* PairingViewModel.swift */,
				C7E575FA8541F3CB5A63AB43 /* SettingsViewModel.swift */,
			);
			path = ViewModels;
			sourceTree = "<group>";
		};
		A5390275A8400AF326F08567 /* Services */ = {
			isa = PBXGroup;
			children = (
				27FA31A001783BB50962FF77 /* Localization.swift */,
				C83985F4EAE685984EAC8BEF /* ManagementAPIClient.swift */,
				5678C485003005A7F894A51E /* RuntimeManager.swift */,
			);
			path = Services;
			sourceTree = "<group>";
		};
/* End PBXGroup section */

/* Begin PBXNativeTarget section */
		0A3E8C44BF1F84DE157BEBC1 /* CCCodeBridge */ = {
			isa = PBXNativeTarget;
			buildConfigurationList = BAC7100C052E577F17182E68 /* Build configuration list for PBXNativeTarget "CCCodeBridge" */;
			buildPhases = (
				197A98D5082B0462332BA394 /* Build go-bridge runtime */,
				A236CC2F0E0F24D0760FC625 /* Sources */,
				DA5F11269303E082B4D1EFA9 /* Resources */,
			);
			buildRules = (
			);
			dependencies = (
			);
			name = CCCodeBridge;
			packageProductDependencies = (
			);
			productName = CCCodeBridge;
			productReference = ECF7B7DC070D5D2B67F045F8 /* CCCodeBridge.app */;
			productType = "com.apple.product-type.application";
		};
		A6BB2BE6076A3078F135FC85 /* CCCodeBridgeTests */ = {
			isa = PBXNativeTarget;
			buildConfigurationList = 1609D953FA57D0C3110A401A /* Build configuration list for PBXNativeTarget "CCCodeBridgeTests" */;
			buildPhases = (
				C57614A4FCAAEA8D0F63D61D /* Sources */,
			);
			buildRules = (
			);
			dependencies = (
				579C042F95636D0CB4EA833D /* PBXTargetDependency */,
			);
			name = CCCodeBridgeTests;
			packageProductDependencies = (
			);
			productName = CCCodeBridgeTests;
			productReference = 31EC5BF8094A4D9370C713F7 /* CCCodeBridgeTests.xctest */;
			productType = "com.apple.product-type.bundle.unit-test";
		};
/* End PBXNativeTarget section */

/* Begin PBXProject section */
		6D571C923B6DD79AC22DA267 /* Project object */ = {
			isa = PBXProject;
			attributes = {
				BuildIndependentTargetsInParallel = YES;
				LastUpgradeCheck = 1430;
				TargetAttributes = {
					0A3E8C44BF1F84DE157BEBC1 = {
						ProvisioningStyle = Automatic;
					};
				};
			};
			buildConfigurationList = B6948B9997B49034A5D07BBB /* Build configuration list for PBXProject "CCCodeBridge" */;
			compatibilityVersion = "Xcode 14.0";
			developmentRegion = en;
			hasScannedForEncodings = 0;
			knownRegions = (
				Base,
				en,
			);
			mainGroup = 7EF0BEBA64562516E37A525A;
			minimizedProjectReferenceProxies = 1;
			preferredProjectObjectVersion = 77;
			projectDirPath = "";
			projectRoot = "";
			targets = (
				0A3E8C44BF1F84DE157BEBC1 /* CCCodeBridge */,
				A6BB2BE6076A3078F135FC85 /* CCCodeBridgeTests */,
			);
		};
/* End PBXProject section */

/* Begin PBXResourcesBuildPhase section */
		DA5F11269303E082B4D1EFA9 /* Resources */ = {
			isa = PBXResourcesBuildPhase;
			buildActionMask = 2147483647;
			files = (
				C09D331473CBA7AB81D48F08 /* Assets.xcassets in Resources */,
			);
			runOnlyForDeploymentPostprocessing = 0;
		};
/* End PBXResourcesBuildPhase section */

/* Begin PBXShellScriptBuildPhase section */
		197A98D5082B0462332BA394 /* Build go-bridge runtime */ = {
			isa = PBXShellScriptBuildPhase;
			alwaysOutOfDate = 1;
			buildActionMask = 2147483647;
			files = (
			);
			inputFileListPaths = (
			);
			inputPaths = (
			);
			name = "Build go-bridge runtime";
			outputFileListPaths = (
			);
			outputPaths = (
			);
			runOnlyForDeploymentPostprocessing = 0;
			shellPath = /bin/sh;
			shellScript = "set -euo pipefail\nRUNTIME_OUTPUT=\"${BUILT_PRODUCTS_DIR}/${UNLOCALIZED_RESOURCES_FOLDER_PATH}/cccode-bridge-runtime\"\nRUNTIME_PACKAGE=\"github.com/openAgi2/cccode-macbridge/go-bridge\"\nRUNTIME_VERSION=\"${CCCODE_RUNTIME_VERSION:-${MARKETING_VERSION:-0.1.0-dev}}\"\nRUNTIME_COMMIT=\"${CCCODE_RUNTIME_COMMIT:-$(git rev-parse --short=12 HEAD 2>/dev/null || printf unknown)}\"\nRUNTIME_DATE=\"${CCCODE_RUNTIME_DATE:-$(date -u +%Y-%m-%dT%H:%M:%SZ)}\"\nRUNTIME_LDFLAGS=\"-X ${RUNTIME_PACKAGE}.runtimeVersion=${RUNTIME_VERSION} -X ${RUNTIME_PACKAGE}.runtimeCommit=${RUNTIME_COMMIT} -X ${RUNTIME_PACKAGE}.runtimeDate=${RUNTIME_DATE}\"\nRUNTIME_ARCH=\"${ARCHS%% *}\"\ncase \"$RUNTIME_ARCH\" in\n  arm64) GO_ARCH=arm64 ;;\n  x86_64) GO_ARCH=amd64 ;;\n  *) echo \"Unsupported runtime architecture: $RUNTIME_ARCH\" >&2; exit 1 ;;\nesac\nmkdir -p \"$(dirname \"$RUNTIME_OUTPUT\")\"\ncd \"${SRCROOT}/..\"\nGOOS=darwin GOARCH=\"$GO_ARCH\" go build -trimpath -ldflags \"$RUNTIME_LDFLAGS\" -o \"$RUNTIME_OUTPUT\" ./go-bridge/cmd/cccode-bridge-runtime\nchmod +x \"$RUNTIME_OUTPUT\"\n";
		};
/* End PBXShellScriptBuildPhase section */

/* Begin PBXSourcesBuildPhase section */
		A236CC2F0E0F24D0760FC625 /* Sources */ = {
			isa = PBXSourcesBuildPhase;
			buildActionMask = 2147483647;
			files = (
				B4D54A82CD05061D680C44FA /* AppDependencies.swift in Sources */,
				724B12FBAFDB8CB71A02C02E /* BackendManagementView.swift in Sources */,
				F1A9020C24AC4A99016FA108 /* BackendStatusViewModel.swift in Sources */,
				C6C7E770E3FAB72864AB0657 /* BridgeStatusView.swift in Sources */,
				0C7DBA21341B8F05A564F105 /* BridgeStatusViewModel.swift in Sources */,
				AEDA3A746246A8A7F81EE4CE /* ContentView.swift in Sources */,
				40200DF5C957248506B0BEC7 /* Localization.swift in Sources */,
				DC28B07768A6C64940AF9DB3 /* MacBridgeApp.swift in Sources */,
				15F933573A3E4961C070D650 /* ManagementAPIClient.swift in Sources */,
				0A12E4F403BD246F220C4264 /* MenuBarMenu.swift in Sources */,
				FFA8A486B5C917E101A905CE /* PairingView.swift in Sources */,
				C2B218A44FDD6412F88A7087 /* PairingViewModel.swift in Sources */,
				F2585C19505AD7D8DD95C3D8 /* RemoteAccessView.swift in Sources */,
				3022FA285C66F38A6E981764 /* RuntimeManager.swift in Sources */,
				8529A02426FE8772FA3F76A1 /* SettingsView.swift in Sources */,
				6EF4888046525F7C53CD2DC9 /* SettingsViewModel.swift in Sources */,
			);
			runOnlyForDeploymentPostprocessing = 0;
		};
		C57614A4FCAAEA8D0F63D61D /* Sources */ = {
			isa = PBXSourcesBuildPhase;
			buildActionMask = 2147483647;
			files = (
				301C96BBDF4F2776A94437E4 /* ProductCopyTests.swift in Sources */,
			);
			runOnlyForDeploymentPostprocessing = 0;
		};
/* End PBXSourcesBuildPhase section */

/* Begin PBXTargetDependency section */
		579C042F95636D0CB4EA833D /* PBXTargetDependency */ = {
			isa = PBXTargetDependency;
			target = 0A3E8C44BF1F84DE157BEBC1 /* CCCodeBridge */;
			targetProxy = C36F79024F0B5B09105420C2 /* PBXContainerItemProxy */;
		};
/* End PBXTargetDependency section */

/* Begin XCBuildConfiguration section */
		14A86E7EFE85E1C1C9B3A2BC /* Debug */ = {
			isa = XCBuildConfiguration;
			buildSettings = {
				ARCHS = arm64;
				BUNDLE_LOADER = "";
				COMBINE_HIDPI_IMAGES = YES;
				GENERATE_INFOPLIST_FILE = YES;
				LD_RUNPATH_SEARCH_PATHS = (
					"$(inherited)",
					"@executable_path/../Frameworks",
					"@loader_path/../Frameworks",
				);
				PRODUCT_BUNDLE_IDENTIFIER = org.openagi.cccode.macbridge.tests;
				SDKROOT = macosx;
				SUPPORTED_PLATFORMS = macosx;
				SUPPORTS_MACCATALYST = NO;
				SUPPORTS_MAC_DESIGNED_FOR_IPHONE_IPAD = NO;
				TARGETED_DEVICE_FAMILY = "";
				TEST_HOST = "";
			};
			name = Debug;
		};
		1BAA7C9B1B8B4BF8A9F2F4FC /* Release */ = {
			isa = XCBuildConfiguration;
			buildSettings = {
				ARCHS = arm64;
				ASSETCATALOG_COMPILER_APPICON_NAME = AppIcon;
				CODE_SIGN_STYLE = Automatic;
				COMBINE_HIDPI_IMAGES = YES;
				INFOPLIST_FILE = Info.plist;
				LD_RUNPATH_SEARCH_PATHS = (
					"$(inherited)",
					"@executable_path/../Frameworks",
				);
				PRODUCT_BUNDLE_IDENTIFIER = org.openagi.cccode.macbridge;
				SDKROOT = auto;
				SUPPORTED_PLATFORMS = macosx;
				SUPPORTS_MACCATALYST = NO;
				SUPPORTS_MAC_DESIGNED_FOR_IPHONE_IPAD = NO;
				TARGETED_DEVICE_FAMILY = "";
			};
			name = Release;
		};
		1C1FAEC451C234F160E6D8A3 /* Release */ = {
			isa = XCBuildConfiguration;
			buildSettings = {
				ALWAYS_SEARCH_USER_PATHS = NO;
				CLANG_ANALYZER_NONNULL = YES;
				CLANG_ANALYZER_NUMBER_OBJECT_CONVERSION = YES_AGGRESSIVE;
				CLANG_CXX_LANGUAGE_STANDARD = "gnu++14";
				CLANG_CXX_LIBRARY = "libc++";
				CLANG_ENABLE_MODULES = YES;
				CLANG_ENABLE_OBJC_ARC = YES;
				CLANG_ENABLE_OBJC_WEAK = YES;
				CLANG_WARN_BLOCK_CAPTURE_AUTORELEASING = YES;
				CLANG_WARN_BOOL_CONVERSION = YES;
				CLANG_WARN_COMMA = YES;
				CLANG_WARN_CONSTANT_CONVERSION = YES;
				CLANG_WARN_DEPRECATED_OBJC_IMPLEMENTATIONS = YES;
				CLANG_WARN_DIRECT_OBJC_ISA_USAGE = YES_ERROR;
				CLANG_WARN_DOCUMENTATION_COMMENTS = YES;
				CLANG_WARN_EMPTY_BODY = YES;
				CLANG_WARN_ENUM_CONVERSION = YES;
				CLANG_WARN_INFINITE_RECURSION = YES;
				CLANG_WARN_INT_CONVERSION = YES;
				CLANG_WARN_NON_LITERAL_NULL_CONVERSION = YES;
				CLANG_WARN_OBJC_IMPLICIT_RETAIN_SELF = YES;
				CLANG_WARN_OBJC_LITERAL_CONVERSION = YES;
				CLANG_WARN_OBJC_ROOT_CLASS = YES_ERROR;
				CLANG_WARN_QUOTED_INCLUDE_IN_FRAMEWORK_HEADER = YES;
				CLANG_WARN_RANGE_LOOP_ANALYSIS = YES;
				CLANG_WARN_STRICT_PROTOTYPES = YES;
				CLANG_WARN_SUSPICIOUS_MOVE = YES;
				CLANG_WARN_UNGUARDED_AVAILABILITY = YES_AGGRESSIVE;
				CLANG_WARN_UNREACHABLE_CODE = YES;
				CLANG_WARN__DUPLICATE_METHOD_MATCH = YES;
				COPY_PHASE_STRIP = NO;
				CURRENT_PROJECT_VERSION = 1;
				DEBUG_INFORMATION_FORMAT = "dwarf-with-dsym";
				ENABLE_NS_ASSERTIONS = NO;
				ENABLE_STRICT_OBJC_MSGSEND = YES;
				GCC_C_LANGUAGE_STANDARD = gnu11;
				GCC_NO_COMMON_BLOCKS = YES;
				GCC_WARN_64_TO_32_BIT_CONVERSION = YES;
				GCC_WARN_ABOUT_RETURN_TYPE = YES_ERROR;
				GCC_WARN_UNDECLARED_SELECTOR = YES;
				GCC_WARN_UNINITIALIZED_AUTOS = YES_AGGRESSIVE;
				GCC_WARN_UNUSED_FUNCTION = YES;
				GCC_WARN_UNUSED_VARIABLE = YES;
				MACOSX_DEPLOYMENT_TARGET = 14.0;
				MARKETING_VERSION = 0.1.0;
				MTL_ENABLE_DEBUG_INFO = NO;
				MTL_FAST_MATH = YES;
				PRODUCT_NAME = "$(TARGET_NAME)";
				SWIFT_COMPILATION_MODE = wholemodule;
				SWIFT_OPTIMIZATION_LEVEL = "-O";
				SWIFT_VERSION = 5.9;
			};
			name = Release;
		};
		6404F475BA4BA41A7EFE4B53 /* Debug */ = {
			isa = XCBuildConfiguration;
			buildSettings = {
				ALWAYS_SEARCH_USER_PATHS = NO;
				CLANG_ANALYZER_NONNULL = YES;
				CLANG_ANALYZER_NUMBER_OBJECT_CONVERSION = YES_AGGRESSIVE;
				CLANG_CXX_LANGUAGE_STANDARD = "gnu++14";
				CLANG_CXX_LIBRARY = "libc++";
				CLANG_ENABLE_MODULES = YES;
				CLANG_ENABLE_OBJC_ARC = YES;
				CLANG_ENABLE_OBJC_WEAK = YES;
				CLANG_WARN_BLOCK_CAPTURE_AUTORELEASING = YES;
				CLANG_WARN_BOOL_CONVERSION = YES;
				CLANG_WARN_COMMA = YES;
				CLANG_WARN_CONSTANT_CONVERSION = YES;
				CLANG_WARN_DEPRECATED_OBJC_IMPLEMENTATIONS = YES;
				CLANG_WARN_DIRECT_OBJC_ISA_USAGE = YES_ERROR;
				CLANG_WARN_DOCUMENTATION_COMMENTS = YES;
				CLANG_WARN_EMPTY_BODY = YES;
				CLANG_WARN_ENUM_CONVERSION = YES;
				CLANG_WARN_INFINITE_RECURSION = YES;
				CLANG_WARN_INT_CONVERSION = YES;
				CLANG_WARN_NON_LITERAL_NULL_CONVERSION = YES;
				CLANG_WARN_OBJC_IMPLICIT_RETAIN_SELF = YES;
				CLANG_WARN_OBJC_LITERAL_CONVERSION = YES;
				CLANG_WARN_OBJC_ROOT_CLASS = YES_ERROR;
				CLANG_WARN_QUOTED_INCLUDE_IN_FRAMEWORK_HEADER = YES;
				CLANG_WARN_RANGE_LOOP_ANALYSIS = YES;
				CLANG_WARN_STRICT_PROTOTYPES = YES;
				CLANG_WARN_SUSPICIOUS_MOVE = YES;
				CLANG_WARN_UNGUARDED_AVAILABILITY = YES_AGGRESSIVE;
				CLANG_WARN_UNREACHABLE_CODE = YES;
				CLANG_WARN__DUPLICATE_METHOD_MATCH = YES;
				COPY_PHASE_STRIP = NO;
				CURRENT_PROJECT_VERSION = 1;
				DEBUG_INFORMATION_FORMAT = dwarf;
				ENABLE_STRICT_OBJC_MSGSEND = YES;
				ENABLE_TESTABILITY = YES;
				GCC_C_LANGUAGE_STANDARD = gnu11;
				GCC_DYNAMIC_NO_PIC = NO;
				GCC_NO_COMMON_BLOCKS = YES;
				GCC_OPTIMIZATION_LEVEL = 0;
				GCC_PREPROCESSOR_DEFINITIONS = (
					"$(inherited)",
					"DEBUG=1",
				);
				GCC_WARN_64_TO_32_BIT_CONVERSION = YES;
				GCC_WARN_ABOUT_RETURN_TYPE = YES_ERROR;
				GCC_WARN_UNDECLARED_SELECTOR = YES;
				GCC_WARN_UNINITIALIZED_AUTOS = YES_AGGRESSIVE;
				GCC_WARN_UNUSED_FUNCTION = YES;
				GCC_WARN_UNUSED_VARIABLE = YES;
				MACOSX_DEPLOYMENT_TARGET = 14.0;
				MARKETING_VERSION = 0.1.0;
				MTL_ENABLE_DEBUG_INFO = INCLUDE_SOURCE;
				MTL_FAST_MATH = YES;
				ONLY_ACTIVE_ARCH = YES;
				PRODUCT_NAME = "$(TARGET_NAME)";
				SWIFT_ACTIVE_COMPILATION_CONDITIONS = DEBUG;
				SWIFT_OPTIMIZATION_LEVEL = "-Onone";
				SWIFT_VERSION = 5.9;
			};
			name = Debug;
		};
		98B6DDF976CE26C24425CE35 /* Release */ = {
			isa = XCBuildConfiguration;
			buildSettings = {
				ARCHS = arm64;
				BUNDLE_LOADER = "";
				COMBINE_HIDPI_IMAGES = YES;
				GENERATE_INFOPLIST_FILE = YES;
				LD_RUNPATH_SEARCH_PATHS = (
					"$(inherited)",
					"@executable_path/../Frameworks",
					"@loader_path/../Frameworks",
				);
				PRODUCT_BUNDLE_IDENTIFIER = org.openagi.cccode.macbridge.tests;
				SDKROOT = macosx;
				SUPPORTED_PLATFORMS = macosx;
				SUPPORTS_MACCATALYST = NO;
				SUPPORTS_MAC_DESIGNED_FOR_IPHONE_IPAD = NO;
				TARGETED_DEVICE_FAMILY = "";
				TEST_HOST = "";
			};
			name = Release;
		};
		C3106AFFA609E1572CBBF075 /* Debug */ = {
			isa = XCBuildConfiguration;
			buildSettings = {
				ARCHS = arm64;
				ASSETCATALOG_COMPILER_APPICON_NAME = AppIcon;
				CODE_SIGN_STYLE = Automatic;
				COMBINE_HIDPI_IMAGES = YES;
				INFOPLIST_FILE = Info.plist;
				LD_RUNPATH_SEARCH_PATHS = (
					"$(inherited)",
					"@executable_path/../Frameworks",
				);
				PRODUCT_BUNDLE_IDENTIFIER = org.openagi.cccode.macbridge;
				SDKROOT = auto;
				SUPPORTED_PLATFORMS = macosx;
				SUPPORTS_MACCATALYST = NO;
				SUPPORTS_MAC_DESIGNED_FOR_IPHONE_IPAD = NO;
				TARGETED_DEVICE_FAMILY = "";
			};
			name = Debug;
		};
/* End XCBuildConfiguration section */

/* Begin XCConfigurationList section */
		1609D953FA57D0C3110A401A /* Build configuration list for PBXNativeTarget "CCCodeBridgeTests" */ = {
			isa = XCConfigurationList;
			buildConfigurations = (
				14A86E7EFE85E1C1C9B3A2BC /* Debug */,
				98B6DDF976CE26C24425CE35 /* Release */,
			);
			defaultConfigurationIsVisible = 0;
			defaultConfigurationName = Debug;
		};
		B6948B9997B49034A5D07BBB /* Build configuration list for PBXProject "CCCodeBridge" */ = {
			isa = XCConfigurationList;
			buildConfigurations = (
				6404F475BA4BA41A7EFE4B53 /* Debug */,
				1C1FAEC451C234F160E6D8A3 /* Release */,
			);
			defaultConfigurationIsVisible = 0;
			defaultConfigurationName = Debug;
		};
		BAC7100C052E577F17182E68 /* Build configuration list for PBXNativeTarget "CCCodeBridge" */ = {
			isa = XCConfigurationList;
			buildConfigurations = (
				C3106AFFA609E1572CBBF075 /* Debug */,
				1BAA7C9B1B8B4BF8A9F2F4FC /* Release */,
			);
			defaultConfigurationIsVisible = 0;
			defaultConfigurationName = Debug;
		};
/* End XCConfigurationList section */
	};
	rootObject = 6D571C923B6DD79AC22DA267 /* Project object */;
}
